Microsoft Visual Studio Solution File, Format Version 12.00
# Visual Studio Version 17
VisualStudioVersion = 17.1.32421.90
MinimumVisualStudioVersion = 10.0.40219.1
Project("{2150E333-8FDC-42A3-9474-1A3956D46DE8}") = "src", "src", "{A74DCE98-A744-4D71-A2B1-7EE4FED0936B}"
EndProject
Project("{FAE04EC0-301F-11D3-BF4B-00C04F79EFBC}") = "WinFormsApp1", "src\zfile\WinFormsApp1.csproj", "{40A3CA49-6058-4E9F-8E6B-5B6DABD94F68}"
	ProjectSection(ProjectDependencies) = postProject
		{5C1F5D13-B5F3-46F6-8A25-D02D7D0C83B8} = {5C1F5D13-B5F3-46F6-8A25-D02D7D0C83B8}
	EndProjectSection
EndProject
Project("{FAE04EC0-301F-11D3-BF4B-00C04F79EFBC}") = "WinShell", "src\WinShell\WinShell\WinShell.csproj", "{5C1F5D13-B5F3-46F6-8A25-D02D7D0C83B8}"
EndProject
Project("{FAE04EC0-301F-11D3-BF4B-00C04F79EFBC}") = "Sample3", "src\WinShell\Sample3\Sample3.csproj", "{3A63E108-CA20-449B-8EB9-402A6328F216}"
EndProject
Project("{FAE04EC0-301F-11D3-BF4B-00C04F79EFBC}") = "Sheng.Winform.Controls", "src\Sheng.Winform.Controls\Sheng.Winform.Controls.csproj", "{8947FDAE-9F4B-4D77-91AA-0704ACD83DBD}"
EndProject
Global
	GlobalSection(SolutionConfigurationPlatforms) = preSolution
		Debug|Any CPU = Debug|Any CPU
		Debug|arm64 = Debug|arm64
		Debug|x64 = Debug|x64
		Debug|x86 = Debug|x86
		Release|Any CPU = Release|Any CPU
		Release|arm64 = Release|arm64
		Release|x64 = Release|x64
		Release|x86 = Release|x86
	EndGlobalSection
	GlobalSection(ProjectConfigurationPlatforms) = postSolution
		{40A3CA49-6058-4E9F-8E6B-5B6DABD94F68}.Debug|Any CPU.ActiveCfg = Debug|Any CPU
		{40A3CA49-6058-4E9F-8E6B-5B6DABD94F68}.Debug|Any CPU.Build.0 = Debug|Any CPU
		{40A3CA49-6058-4E9F-8E6B-5B6DABD94F68}.Debug|arm64.ActiveCfg = Debug|Any CPU
		{40A3CA49-6058-4E9F-8E6B-5B6DABD94F68}.Debug|arm64.Build.0 = Debug|Any CPU
		{40A3CA49-6058-4E9F-8E6B-5B6DABD94F68}.Debug|x64.ActiveCfg = Debug|Any CPU
		{40A3CA49-6058-4E9F-8E6B-5B6DABD94F68}.Debug|x64.Build.0 = Debug|Any CPU
		{40A3CA49-6058-4E9F-8E6B-5B6DABD94F68}.Debug|x86.ActiveCfg = Debug|Any CPU
		{40A3CA49-6058-4E9F-8E6B-5B6DABD94F68}.Debug|x86.Build.0 = Debug|Any CPU
		{40A3CA49-6058-4E9F-8E6B-5B6DABD94F68}.Release|Any CPU.ActiveCfg = Release|Any CPU
		{40A3CA49-6058-4E9F-8E6B-5B6DABD94F68}.Release|Any CPU.Build.0 = Release|Any CPU
		{40A3CA49-6058-4E9F-8E6B-5B6DABD94F68}.Release|arm64.ActiveCfg = Release|Any CPU
		{40A3CA49-6058-4E9F-8E6B-5B6DABD94F68}.Release|arm64.Build.0 = Release|Any CPU
		{40A3CA49-6058-4E9F-8E6B-5B6DABD94F68}.Release|x64.ActiveCfg = Release|Any CPU
		{40A3CA49-6058-4E9F-8E6B-5B6DABD94F68}.Release|x64.Build.0 = Release|Any CPU
		{40A3CA49-6058-4E9F-8E6B-5B6DABD94F68}.Release|x86.ActiveCfg = Release|Any CPU
		{40A3CA49-6058-4E9F-8E6B-5B6DABD94F68}.Release|x86.Build.0 = Release|Any CPU
		{5C1F5D13-B5F3-46F6-8A25-D02D7D0C83B8}.Debug|Any CPU.ActiveCfg = Debug|Any CPU
		{5C1F5D13-B5F3-46F6-8A25-D02D7D0C83B8}.Debug|Any CPU.Build.0 = Debug|Any CPU
		{5C1F5D13-B5F3-46F6-8A25-D02D7D0C83B8}.Debug|arm64.ActiveCfg = Debug|Any CPU
		{5C1F5D13-B5F3-46F6-8A25-D02D7D0C83B8}.Debug|arm64.Build.0 = Debug|Any CPU
		{5C1F5D13-B5F3-46F6-8A25-D02D7D0C83B8}.Debug|x64.ActiveCfg = Debug|Any CPU
		{5C1F5D13-B5F3-46F6-8A25-D02D7D0C83B8}.Debug|x64.Build.0 = Debug|Any CPU
		{5C1F5D13-B5F3-46F6-8A25-D02D7D0C83B8}.Debug|x86.ActiveCfg = Debug|Any CPU
		{5C1F5D13-B5F3-46F6-8A25-D02D7D0C83B8}.Debug|x86.Build.0 = Debug|Any CPU
		{5C1F5D13-B5F3-46F6-8A25-D02D7D0C83B8}.Release|Any CPU.ActiveCfg = Release|Any CPU
		{5C1F5D13-B5F3-46F6-8A25-D02D7D0C83B8}.Release|Any CPU.Build.0 = Release|Any CPU
		{5C1F5D13-B5F3-46F6-8A25-D02D7D0C83B8}.Release|arm64.ActiveCfg = Release|Any CPU
		{5C1F5D13-B5F3-46F6-8A25-D02D7D0C83B8}.Release|arm64.Build.0 = Release|Any CPU
		{5C1F5D13-B5F3-46F6-8A25-D02D7D0C83B8}.Release|x64.ActiveCfg = Release|Any CPU
		{5C1F5D13-B5F3-46F6-8A25-D02D7D0C83B8}.Release|x64.Build.0 = Release|Any CPU
		{5C1F5D13-B5F3-46F6-8A25-D02D7D0C83B8}.Release|x86.ActiveCfg = Release|Any CPU
		{5C1F5D13-B5F3-46F6-8A25-D02D7D0C83B8}.Release|x86.Build.0 = Release|Any CPU
		{3A63E108-CA20-449B-8EB9-402A6328F216}.Debug|Any CPU.ActiveCfg = Debug|Any CPU
		{3A63E108-CA20-449B-8EB9-402A6328F216}.Debug|Any CPU.Build.0 = Debug|Any CPU
		{3A63E108-CA20-449B-8EB9-402A6328F216}.Debug|arm64.ActiveCfg = Debug|Any CPU
		{3A63E108-CA20-449B-8EB9-402A6328F216}.Debug|arm64.Build.0 = Debug|Any CPU
		{3A63E108-CA20-449B-8EB9-402A6328F216}.Debug|x64.ActiveCfg = Debug|Any CPU
		{3A63E108-CA20-449B-8EB9-402A6328F216}.Debug|x64.Build.0 = Debug|Any CPU
		{3A63E108-CA20-449B-8EB9-402A6328F216}.Debug|x86.ActiveCfg = Debug|Any CPU
		{3A63E108-CA20-449B-8EB9-402A6328F216}.Debug|x86.Build.0 = Debug|Any CPU
		{3A63E108-CA20-449B-8EB9-402A6328F216}.Release|Any CPU.ActiveCfg = Release|Any CPU
		{3A63E108-CA20-449B-8EB9-402A6328F216}.Release|Any CPU.Build.0 = Release|Any CPU
		{3A63E108-CA20-449B-8EB9-402A6328F216}.Release|arm64.ActiveCfg = Release|Any CPU
		{3A63E108-CA20-449B-8EB9-402A6328F216}.Release|arm64.Build.0 = Release|Any CPU
		{3A63E108-CA20-449B-8EB9-402A6328F216}.Release|x64.ActiveCfg = Release|Any CPU
		{3A63E108-CA20-449B-8EB9-402A6328F216}.Release|x64.Build.0 = Release|Any CPU
		{3A63E108-CA20-449B-8EB9-402A6328F216}.Release|x86.ActiveCfg = Release|Any CPU
		{3A63E108-CA20-449B-8EB9-402A6328F216}.Release|x86.Build.0 = Release|Any CPU
		{8947FDAE-9F4B-4D77-91AA-0704ACD83DBD}.Debug|Any CPU.ActiveCfg = Debug|Any CPU
		{8947FDAE-9F4B-4D77-91AA-0704ACD83DBD}.Debug|Any CPU.Build.0 = Debug|Any CPU
		{8947FDAE-9F4B-4D77-91AA-0704ACD83DBD}.Debug|arm64.ActiveCfg = Debug|Any CPU
		{8947FDAE-9F4B-4D77-91AA-0704ACD83DBD}.Debug|arm64.Build.0 = Debug|Any CPU
		{8947FDAE-9F4B-4D77-91AA-0704ACD83DBD}.Debug|x64.ActiveCfg = Debug|Any CPU
		{8947FDAE-9F4B-4D77-91AA-0704ACD83DBD}.Debug|x64.Build.0 = Debug|Any CPU
		{8947FDAE-9F4B-4D77-91AA-0704ACD83DBD}.Debug|x86.ActiveCfg = Debug|Any CPU
		{8947FDAE-9F4B-4D77-91AA-0704ACD83DBD}.Debug|x86.Build.0 = Debug|Any CPU
		{8947FDAE-9F4B-4D77-91AA-0704ACD83DBD}.Release|Any CPU.ActiveCfg = Release|Any CPU
		{8947FDAE-9F4B-4D77-91AA-0704ACD83DBD}.Release|Any CPU.Build.0 = Release|Any CPU
		{8947FDAE-9F4B-4D77-91AA-0704ACD83DBD}.Release|arm64.ActiveCfg = Release|Any CPU
		{8947FDAE-9F4B-4D77-91AA-0704ACD83DBD}.Release|arm64.Build.0 = Release|Any CPU
		{8947FDAE-9F4B-4D77-91AA-0704ACD83DBD}.Release|x64.ActiveCfg = Release|Any CPU
		{8947FDAE-9F4B-4D77-91AA-0704ACD83DBD}.Release|x64.Build.0 = Release|Any CPU
		{8947FDAE-9F4B-4D77-91AA-0704ACD83DBD}.Release|x86.ActiveCfg = Release|Any CPU
		{8947FDAE-9F4B-4D77-91AA-0704ACD83DBD}.Release|x86.Build.0 = Release|Any CPU
	EndGlobalSection
	GlobalSection(SolutionProperties) = preSolution
		HideSolutionNode = FALSE
	EndGlobalSection
	GlobalSection(NestedProjects) = preSolution
		{40A3CA49-6058-4E9F-8E6B-5B6DABD94F68} = {A74DCE98-A744-4D71-A2B1-7EE4FED0936B}
		{5C1F5D13-B5F3-46F6-8A25-D02D7D0C83B8} = {A74DCE98-A744-4D71-A2B1-7EE4FED0936B}
		{3A63E108-CA20-449B-8EB9-402A6328F216} = {A74DCE98-A744-4D71-A2B1-7EE4FED0936B}
		{8947FDAE-9F4B-4D77-91AA-0704ACD83DBD} = {A74DCE98-A744-4D71-A2B1-7EE4FED0936B}
	EndGlobalSection
	GlobalSection(ExtensibilityGlobals) = postSolution
		SolutionGuid = {0E62043C-A7A1-4982-9EC9-4CDB2939B776}
	EndGlobalSection
EndGlobal
