Microsoft Visual Studio Solution File, Format Version 12.00
# Visual Studio Version 17
VisualStudioVersion = 17.1.32421.90
MinimumVisualStudioVersion = 10.0.40219.1
Project("{2150E333-8FDC-42A3-9474-1A3956D46DE8}") = "src", "src", "{A74DCE98-A744-4D71-A2B1-7EE4FED0936B}"
EndProject
Project("{FAE04EC0-301F-11D3-BF4B-00C04F79EFBC}") = "Zfile", "src\zfile\Zfile.csproj", "{40A3CA49-6058-4E9F-8E6B-5B6DABD94F68}"
	ProjectSection(ProjectDependencies) = postProject
		{5C1F5D13-B5F3-46F6-8A25-D02D7D0C83B8} = {5C1F5D13-B5F3-46F6-8A25-D02D7D0C83B8}
	EndProjectSection
EndProject
Project("{FAE04EC0-301F-11D3-BF4B-00C04F79EFBC}") = "WinShell", "src\WinShell\WinShell\WinShell.csproj", "{5C1F5D13-B5F3-46F6-8A25-D02D7D0C83B8}"
EndProject
Project("{FAE04EC0-301F-11D3-BF4B-00C04F79EFBC}") = "Sheng.Winform.Controls", "src\Sheng.Winform.Controls\Sheng.Winform.Controls.csproj", "{8947FDAE-9F4B-4D77-91AA-0704ACD83DBD}"
EndProject
Project("{FAE04EC0-301F-11D3-BF4B-00C04F79EFBC}") = "ICSharpCode.TextEditor", "src\ICSharpCode.TextEditor\Project\ICSharpCode.TextEditor.csproj", "{2D18BE89-D210-49EB-A9DD-2246FBB3DF6D}"
EndProject
Project("{FAE04EC0-301F-11D3-BF4B-00C04F79EFBC}") = "FluentFTP", "src\FluentFTP\FluentFTP\FluentFTP.csproj", "{C09B3257-38E9-E818-BB0A-50F5B6BC27F5}"
EndProject
Project("{FAE04EC0-301F-11D3-BF4B-00C04F79EFBC}") = "MCPSharp", "src\MCPSharp\MCPSharp\MCPSharp.csproj", "{CC69001A-DDFB-B7CF-122F-DD0DA3D90B67}"
EndProject
Project("{FAE04EC0-301F-11D3-BF4B-00C04F79EFBC}") = "MCPSharp.Example", "src\MCPSharp\MCPSharp.Example\MCPSharp.Example.csproj", "{2E9F7F32-5573-C2C3-B377-45546ECD60AC}"
EndProject
Project("{FAE04EC0-301F-11D3-BF4B-00C04F79EFBC}") = "MCPSharp.Example.OllamaChatCLI", "src\MCPSharp\MCPSharp.Example.OllamaChatCLI\MCPSharp.Example.OllamaChatCLI.csproj", "{443CA451-BEC0-BB00-9695-C91D4464B976}"
EndProject
Project("{FAE04EC0-301F-11D3-BF4B-00C04F79EFBC}") = "MCPSharp.Example.Import", "src\MCPSharp\MCPSharp.ExternalExample\MCPSharp.Example.Import.csproj", "{E4EAF44D-1829-8F00-B035-773AF5367545}"
EndProject
Project("{FAE04EC0-301F-11D3-BF4B-00C04F79EFBC}") = "MCPSharp.Test", "src\MCPSharp\MCPSharp.Test\MCPSharp.Test.csproj", "{F7AC9321-8E30-8DA2-98C3-E4E1548E351D}"
EndProject
Project("{FAE04EC0-301F-11D3-BF4B-00C04F79EFBC}") = "MonoTorrent", "src\monotorrent\src\MonoTorrent\MonoTorrent.csproj", "{E8C8578C-A78B-AD45-CF4A-8FFC07CE8570}"
EndProject
Project("{FAE04EC0-301F-11D3-BF4B-00C04F79EFBC}") = "MonoTorrent.Client", "src\monotorrent\src\MonoTorrent.Client\MonoTorrent.Client.csproj", "{A39FC7CB-3622-51ED-A347-729D39F315EF}"
EndProject
Project("{FAE04EC0-301F-11D3-BF4B-00C04F79EFBC}") = "MonoTorrent.BEncoding", "src\monotorrent\src\MonoTorrent.BEncoding\MonoTorrent.BEncoding.csproj", "{FFE96542-ADB2-BE65-9180-BF5AC415F96D}"
EndProject
Project("{FAE04EC0-301F-11D3-BF4B-00C04F79EFBC}") = "MonoTorrent.Factories", "src\monotorrent\src\MonoTorrent.Factories\MonoTorrent.Factories.csproj", "{5498A323-F9FE-0616-E5F7-62771D58FC09}"
EndProject
Project("{FAE04EC0-301F-11D3-BF4B-00C04F79EFBC}") = "MonoTorrent.Messages", "src\monotorrent\src\MonoTorrent.Messages\MonoTorrent.Messages.csproj", "{90FF9798-E241-8AA6-84EF-6ED0DD0FC09C}"
EndProject
Project("{FAE04EC0-301F-11D3-BF4B-00C04F79EFBC}") = "MonoTorrent.PieceWriter", "src\monotorrent\src\MonoTorrent.PieceWriter\MonoTorrent.PieceWriter.csproj", "{48AD4260-F26B-4098-3C4B-6CCE05E52E89}"
EndProject
Project("{FAE04EC0-301F-11D3-BF4B-00C04F79EFBC}") = "MonoTorrent.PiecePicking", "src\monotorrent\src\MonoTorrent.PiecePicking\MonoTorrent.PiecePicking.csproj", "{692B615D-6374-67B5-7EA0-C2D7B8019D7E}"
EndProject
Project("{FAE04EC0-301F-11D3-BF4B-00C04F79EFBC}") = "MonoTorrent.PortForwarding", "src\monotorrent\src\MonoTorrent.PortForwarding\MonoTorrent.PortForwarding.csproj", "{E38897FB-45C1-54CD-7CD3-2FFB5892F695}"
EndProject
Project("{FAE04EC0-301F-11D3-BF4B-00C04F79EFBC}") = "MonoTorrent.Trackers", "src\monotorrent\src\MonoTorrent.Trackers\MonoTorrent.Trackers.csproj", "{C5258220-441A-148A-EC60-3D0DC4988147}"
EndProject
Project("{FAE04EC0-301F-11D3-BF4B-00C04F79EFBC}") = "MonoTorrent.Dht", "src\monotorrent\src\MonoTorrent.Dht\MonoTorrent.Dht.csproj", "{83A21971-AA18-2FC7-0424-DEB12B0F6E06}"
EndProject
Project("{FAE04EC0-301F-11D3-BF4B-00C04F79EFBC}") = "MonoTorrent.Connections", "src\monotorrent\src\MonoTorrent.Connections\MonoTorrent.Connections.csproj", "{F9EEA346-554A-F167-91E4-57E8D483CBDC}"
EndProject
Project("{FAE04EC0-301F-11D3-BF4B-00C04F79EFBC}") = "DhtSample", "src\monotorrent\src\Samples\DhtSampleClient\DhtSample.csproj", "{FB736591-E53E-69D9-7D4A-A0316B03429C}"
EndProject
Project("{FAE04EC0-301F-11D3-BF4B-00C04F79EFBC}") = "ClientSample", "src\monotorrent\src\Samples\SampleClient\ClientSample.csproj", "{0C430FFF-C4AB-B3DD-EC60-D350981F3DB9}"
EndProject
Global
	GlobalSection(SolutionConfigurationPlatforms) = preSolution
		Debug|Any CPU = Debug|Any CPU
		Debug|arm64 = Debug|arm64
		Debug|x64 = Debug|x64
		Debug|x86 = Debug|x86
		Release|Any CPU = Release|Any CPU
		Release|arm64 = Release|arm64
		Release|x64 = Release|x64
		Release|x86 = Release|x86
	EndGlobalSection
	GlobalSection(ProjectConfigurationPlatforms) = postSolution
		{40A3CA49-6058-4E9F-8E6B-5B6DABD94F68}.Debug|Any CPU.ActiveCfg = Debug|Any CPU
		{40A3CA49-6058-4E9F-8E6B-5B6DABD94F68}.Debug|Any CPU.Build.0 = Debug|Any CPU
		{40A3CA49-6058-4E9F-8E6B-5B6DABD94F68}.Debug|arm64.ActiveCfg = Debug|Any CPU
		{40A3CA49-6058-4E9F-8E6B-5B6DABD94F68}.Debug|arm64.Build.0 = Debug|Any CPU
		{40A3CA49-6058-4E9F-8E6B-5B6DABD94F68}.Debug|x64.ActiveCfg = Debug|Any CPU
		{40A3CA49-6058-4E9F-8E6B-5B6DABD94F68}.Debug|x64.Build.0 = Debug|Any CPU
		{40A3CA49-6058-4E9F-8E6B-5B6DABD94F68}.Debug|x86.ActiveCfg = Debug|Any CPU
		{40A3CA49-6058-4E9F-8E6B-5B6DABD94F68}.Debug|x86.Build.0 = Debug|Any CPU
		{40A3CA49-6058-4E9F-8E6B-5B6DABD94F68}.Release|Any CPU.ActiveCfg = Release|Any CPU
		{40A3CA49-6058-4E9F-8E6B-5B6DABD94F68}.Release|Any CPU.Build.0 = Release|Any CPU
		{40A3CA49-6058-4E9F-8E6B-5B6DABD94F68}.Release|arm64.ActiveCfg = Release|Any CPU
		{40A3CA49-6058-4E9F-8E6B-5B6DABD94F68}.Release|arm64.Build.0 = Release|Any CPU
		{40A3CA49-6058-4E9F-8E6B-5B6DABD94F68}.Release|x64.ActiveCfg = Release|Any CPU
		{40A3CA49-6058-4E9F-8E6B-5B6DABD94F68}.Release|x64.Build.0 = Release|Any CPU
		{40A3CA49-6058-4E9F-8E6B-5B6DABD94F68}.Release|x86.ActiveCfg = Release|Any CPU
		{40A3CA49-6058-4E9F-8E6B-5B6DABD94F68}.Release|x86.Build.0 = Release|Any CPU
		{5C1F5D13-B5F3-46F6-8A25-D02D7D0C83B8}.Debug|Any CPU.ActiveCfg = Debug|Any CPU
		{5C1F5D13-B5F3-46F6-8A25-D02D7D0C83B8}.Debug|Any CPU.Build.0 = Debug|Any CPU
		{5C1F5D13-B5F3-46F6-8A25-D02D7D0C83B8}.Debug|arm64.ActiveCfg = Debug|Any CPU
		{5C1F5D13-B5F3-46F6-8A25-D02D7D0C83B8}.Debug|arm64.Build.0 = Debug|Any CPU
		{5C1F5D13-B5F3-46F6-8A25-D02D7D0C83B8}.Debug|x64.ActiveCfg = Debug|Any CPU
		{5C1F5D13-B5F3-46F6-8A25-D02D7D0C83B8}.Debug|x64.Build.0 = Debug|Any CPU
		{5C1F5D13-B5F3-46F6-8A25-D02D7D0C83B8}.Debug|x86.ActiveCfg = Debug|Any CPU
		{5C1F5D13-B5F3-46F6-8A25-D02D7D0C83B8}.Debug|x86.Build.0 = Debug|Any CPU
		{5C1F5D13-B5F3-46F6-8A25-D02D7D0C83B8}.Release|Any CPU.ActiveCfg = Release|Any CPU
		{5C1F5D13-B5F3-46F6-8A25-D02D7D0C83B8}.Release|Any CPU.Build.0 = Release|Any CPU
		{5C1F5D13-B5F3-46F6-8A25-D02D7D0C83B8}.Release|arm64.ActiveCfg = Release|Any CPU
		{5C1F5D13-B5F3-46F6-8A25-D02D7D0C83B8}.Release|arm64.Build.0 = Release|Any CPU
		{5C1F5D13-B5F3-46F6-8A25-D02D7D0C83B8}.Release|x64.ActiveCfg = Release|Any CPU
		{5C1F5D13-B5F3-46F6-8A25-D02D7D0C83B8}.Release|x64.Build.0 = Release|Any CPU
		{5C1F5D13-B5F3-46F6-8A25-D02D7D0C83B8}.Release|x86.ActiveCfg = Release|Any CPU
		{5C1F5D13-B5F3-46F6-8A25-D02D7D0C83B8}.Release|x86.Build.0 = Release|Any CPU
		{8947FDAE-9F4B-4D77-91AA-0704ACD83DBD}.Debug|Any CPU.ActiveCfg = Debug|Any CPU
		{8947FDAE-9F4B-4D77-91AA-0704ACD83DBD}.Debug|Any CPU.Build.0 = Debug|Any CPU
		{8947FDAE-9F4B-4D77-91AA-0704ACD83DBD}.Debug|arm64.ActiveCfg = Debug|Any CPU
		{8947FDAE-9F4B-4D77-91AA-0704ACD83DBD}.Debug|arm64.Build.0 = Debug|Any CPU
		{8947FDAE-9F4B-4D77-91AA-0704ACD83DBD}.Debug|x64.ActiveCfg = Debug|Any CPU
		{8947FDAE-9F4B-4D77-91AA-0704ACD83DBD}.Debug|x64.Build.0 = Debug|Any CPU
		{8947FDAE-9F4B-4D77-91AA-0704ACD83DBD}.Debug|x86.ActiveCfg = Debug|Any CPU
		{8947FDAE-9F4B-4D77-91AA-0704ACD83DBD}.Debug|x86.Build.0 = Debug|Any CPU
		{8947FDAE-9F4B-4D77-91AA-0704ACD83DBD}.Release|Any CPU.ActiveCfg = Release|Any CPU
		{8947FDAE-9F4B-4D77-91AA-0704ACD83DBD}.Release|Any CPU.Build.0 = Release|Any CPU
		{8947FDAE-9F4B-4D77-91AA-0704ACD83DBD}.Release|arm64.ActiveCfg = Release|Any CPU
		{8947FDAE-9F4B-4D77-91AA-0704ACD83DBD}.Release|arm64.Build.0 = Release|Any CPU
		{8947FDAE-9F4B-4D77-91AA-0704ACD83DBD}.Release|x64.ActiveCfg = Release|Any CPU
		{8947FDAE-9F4B-4D77-91AA-0704ACD83DBD}.Release|x64.Build.0 = Release|Any CPU
		{8947FDAE-9F4B-4D77-91AA-0704ACD83DBD}.Release|x86.ActiveCfg = Release|Any CPU
		{8947FDAE-9F4B-4D77-91AA-0704ACD83DBD}.Release|x86.Build.0 = Release|Any CPU
		{2D18BE89-D210-49EB-A9DD-2246FBB3DF6D}.Debug|Any CPU.ActiveCfg = Debug|Any CPU
		{2D18BE89-D210-49EB-A9DD-2246FBB3DF6D}.Debug|Any CPU.Build.0 = Debug|Any CPU
		{2D18BE89-D210-49EB-A9DD-2246FBB3DF6D}.Debug|arm64.ActiveCfg = Debug|Any CPU
		{2D18BE89-D210-49EB-A9DD-2246FBB3DF6D}.Debug|arm64.Build.0 = Debug|Any CPU
		{2D18BE89-D210-49EB-A9DD-2246FBB3DF6D}.Debug|x64.ActiveCfg = Debug|Any CPU
		{2D18BE89-D210-49EB-A9DD-2246FBB3DF6D}.Debug|x64.Build.0 = Debug|Any CPU
		{2D18BE89-D210-49EB-A9DD-2246FBB3DF6D}.Debug|x86.ActiveCfg = Debug|Any CPU
		{2D18BE89-D210-49EB-A9DD-2246FBB3DF6D}.Debug|x86.Build.0 = Debug|Any CPU
		{2D18BE89-D210-49EB-A9DD-2246FBB3DF6D}.Release|Any CPU.ActiveCfg = Release|Any CPU
		{2D18BE89-D210-49EB-A9DD-2246FBB3DF6D}.Release|Any CPU.Build.0 = Release|Any CPU
		{2D18BE89-D210-49EB-A9DD-2246FBB3DF6D}.Release|arm64.ActiveCfg = Release|Any CPU
		{2D18BE89-D210-49EB-A9DD-2246FBB3DF6D}.Release|arm64.Build.0 = Release|Any CPU
		{2D18BE89-D210-49EB-A9DD-2246FBB3DF6D}.Release|x64.ActiveCfg = Release|Any CPU
		{2D18BE89-D210-49EB-A9DD-2246FBB3DF6D}.Release|x64.Build.0 = Release|Any CPU
		{2D18BE89-D210-49EB-A9DD-2246FBB3DF6D}.Release|x86.ActiveCfg = Release|Any CPU
		{2D18BE89-D210-49EB-A9DD-2246FBB3DF6D}.Release|x86.Build.0 = Release|Any CPU
		{C09B3257-38E9-E818-BB0A-50F5B6BC27F5}.Debug|Any CPU.ActiveCfg = Debug|Any CPU
		{C09B3257-38E9-E818-BB0A-50F5B6BC27F5}.Debug|Any CPU.Build.0 = Debug|Any CPU
		{C09B3257-38E9-E818-BB0A-50F5B6BC27F5}.Debug|arm64.ActiveCfg = Debug|Any CPU
		{C09B3257-38E9-E818-BB0A-50F5B6BC27F5}.Debug|arm64.Build.0 = Debug|Any CPU
		{C09B3257-38E9-E818-BB0A-50F5B6BC27F5}.Debug|x64.ActiveCfg = Debug|x64
		{C09B3257-38E9-E818-BB0A-50F5B6BC27F5}.Debug|x64.Build.0 = Debug|x64
		{C09B3257-38E9-E818-BB0A-50F5B6BC27F5}.Debug|x86.ActiveCfg = Debug|Any CPU
		{C09B3257-38E9-E818-BB0A-50F5B6BC27F5}.Debug|x86.Build.0 = Debug|Any CPU
		{C09B3257-38E9-E818-BB0A-50F5B6BC27F5}.Release|Any CPU.ActiveCfg = Release|Any CPU
		{C09B3257-38E9-E818-BB0A-50F5B6BC27F5}.Release|Any CPU.Build.0 = Release|Any CPU
		{C09B3257-38E9-E818-BB0A-50F5B6BC27F5}.Release|arm64.ActiveCfg = Release|Any CPU
		{C09B3257-38E9-E818-BB0A-50F5B6BC27F5}.Release|arm64.Build.0 = Release|Any CPU
		{C09B3257-38E9-E818-BB0A-50F5B6BC27F5}.Release|x64.ActiveCfg = Release|x64
		{C09B3257-38E9-E818-BB0A-50F5B6BC27F5}.Release|x64.Build.0 = Release|x64
		{C09B3257-38E9-E818-BB0A-50F5B6BC27F5}.Release|x86.ActiveCfg = Release|Any CPU
		{C09B3257-38E9-E818-BB0A-50F5B6BC27F5}.Release|x86.Build.0 = Release|Any CPU
		{CC69001A-DDFB-B7CF-122F-DD0DA3D90B67}.Debug|Any CPU.ActiveCfg = Debug|Any CPU
		{CC69001A-DDFB-B7CF-122F-DD0DA3D90B67}.Debug|Any CPU.Build.0 = Debug|Any CPU
		{CC69001A-DDFB-B7CF-122F-DD0DA3D90B67}.Debug|arm64.ActiveCfg = Debug|Any CPU
		{CC69001A-DDFB-B7CF-122F-DD0DA3D90B67}.Debug|arm64.Build.0 = Debug|Any CPU
		{CC69001A-DDFB-B7CF-122F-DD0DA3D90B67}.Debug|x64.ActiveCfg = Debug|Any CPU
		{CC69001A-DDFB-B7CF-122F-DD0DA3D90B67}.Debug|x64.Build.0 = Debug|Any CPU
		{CC69001A-DDFB-B7CF-122F-DD0DA3D90B67}.Debug|x86.ActiveCfg = Debug|Any CPU
		{CC69001A-DDFB-B7CF-122F-DD0DA3D90B67}.Debug|x86.Build.0 = Debug|Any CPU
		{CC69001A-DDFB-B7CF-122F-DD0DA3D90B67}.Release|Any CPU.ActiveCfg = Release|Any CPU
		{CC69001A-DDFB-B7CF-122F-DD0DA3D90B67}.Release|Any CPU.Build.0 = Release|Any CPU
		{CC69001A-DDFB-B7CF-122F-DD0DA3D90B67}.Release|arm64.ActiveCfg = Release|Any CPU
		{CC69001A-DDFB-B7CF-122F-DD0DA3D90B67}.Release|arm64.Build.0 = Release|Any CPU
		{CC69001A-DDFB-B7CF-122F-DD0DA3D90B67}.Release|x64.ActiveCfg = Release|Any CPU
		{CC69001A-DDFB-B7CF-122F-DD0DA3D90B67}.Release|x64.Build.0 = Release|Any CPU
		{CC69001A-DDFB-B7CF-122F-DD0DA3D90B67}.Release|x86.ActiveCfg = Release|Any CPU
		{CC69001A-DDFB-B7CF-122F-DD0DA3D90B67}.Release|x86.Build.0 = Release|Any CPU
		{2E9F7F32-5573-C2C3-B377-45546ECD60AC}.Debug|Any CPU.ActiveCfg = Debug|Any CPU
		{2E9F7F32-5573-C2C3-B377-45546ECD60AC}.Debug|Any CPU.Build.0 = Debug|Any CPU
		{2E9F7F32-5573-C2C3-B377-45546ECD60AC}.Debug|arm64.ActiveCfg = Debug|Any CPU
		{2E9F7F32-5573-C2C3-B377-45546ECD60AC}.Debug|arm64.Build.0 = Debug|Any CPU
		{2E9F7F32-5573-C2C3-B377-45546ECD60AC}.Debug|x64.ActiveCfg = Debug|x64
		{2E9F7F32-5573-C2C3-B377-45546ECD60AC}.Debug|x64.Build.0 = Debug|x64
		{2E9F7F32-5573-C2C3-B377-45546ECD60AC}.Debug|x86.ActiveCfg = Debug|Any CPU
		{2E9F7F32-5573-C2C3-B377-45546ECD60AC}.Debug|x86.Build.0 = Debug|Any CPU
		{2E9F7F32-5573-C2C3-B377-45546ECD60AC}.Release|Any CPU.ActiveCfg = Release|Any CPU
		{2E9F7F32-5573-C2C3-B377-45546ECD60AC}.Release|Any CPU.Build.0 = Release|Any CPU
		{2E9F7F32-5573-C2C3-B377-45546ECD60AC}.Release|arm64.ActiveCfg = Release|Any CPU
		{2E9F7F32-5573-C2C3-B377-45546ECD60AC}.Release|arm64.Build.0 = Release|Any CPU
		{2E9F7F32-5573-C2C3-B377-45546ECD60AC}.Release|x64.ActiveCfg = Release|x64
		{2E9F7F32-5573-C2C3-B377-45546ECD60AC}.Release|x64.Build.0 = Release|x64
		{2E9F7F32-5573-C2C3-B377-45546ECD60AC}.Release|x86.ActiveCfg = Release|Any CPU
		{2E9F7F32-5573-C2C3-B377-45546ECD60AC}.Release|x86.Build.0 = Release|Any CPU
		{443CA451-BEC0-BB00-9695-C91D4464B976}.Debug|Any CPU.ActiveCfg = Debug|Any CPU
		{443CA451-BEC0-BB00-9695-C91D4464B976}.Debug|Any CPU.Build.0 = Debug|Any CPU
		{443CA451-BEC0-BB00-9695-C91D4464B976}.Debug|arm64.ActiveCfg = Debug|Any CPU
		{443CA451-BEC0-BB00-9695-C91D4464B976}.Debug|arm64.Build.0 = Debug|Any CPU
		{443CA451-BEC0-BB00-9695-C91D4464B976}.Debug|x64.ActiveCfg = Debug|Any CPU
		{443CA451-BEC0-BB00-9695-C91D4464B976}.Debug|x64.Build.0 = Debug|Any CPU
		{443CA451-BEC0-BB00-9695-C91D4464B976}.Debug|x86.ActiveCfg = Debug|Any CPU
		{443CA451-BEC0-BB00-9695-C91D4464B976}.Debug|x86.Build.0 = Debug|Any CPU
		{443CA451-BEC0-BB00-9695-C91D4464B976}.Release|Any CPU.ActiveCfg = Release|Any CPU
		{443CA451-BEC0-BB00-9695-C91D4464B976}.Release|Any CPU.Build.0 = Release|Any CPU
		{443CA451-BEC0-BB00-9695-C91D4464B976}.Release|arm64.ActiveCfg = Release|Any CPU
		{443CA451-BEC0-BB00-9695-C91D4464B976}.Release|arm64.Build.0 = Release|Any CPU
		{443CA451-BEC0-BB00-9695-C91D4464B976}.Release|x64.ActiveCfg = Release|Any CPU
		{443CA451-BEC0-BB00-9695-C91D4464B976}.Release|x64.Build.0 = Release|Any CPU
		{443CA451-BEC0-BB00-9695-C91D4464B976}.Release|x86.ActiveCfg = Release|Any CPU
		{443CA451-BEC0-BB00-9695-C91D4464B976}.Release|x86.Build.0 = Release|Any CPU
		{E4EAF44D-1829-8F00-B035-773AF5367545}.Debug|Any CPU.ActiveCfg = Debug|Any CPU
		{E4EAF44D-1829-8F00-B035-773AF5367545}.Debug|Any CPU.Build.0 = Debug|Any CPU
		{E4EAF44D-1829-8F00-B035-773AF5367545}.Debug|arm64.ActiveCfg = Debug|Any CPU
		{E4EAF44D-1829-8F00-B035-773AF5367545}.Debug|arm64.Build.0 = Debug|Any CPU
		{E4EAF44D-1829-8F00-B035-773AF5367545}.Debug|x64.ActiveCfg = Debug|Any CPU
		{E4EAF44D-1829-8F00-B035-773AF5367545}.Debug|x64.Build.0 = Debug|Any CPU
		{E4EAF44D-1829-8F00-B035-773AF5367545}.Debug|x86.ActiveCfg = Debug|Any CPU
		{E4EAF44D-1829-8F00-B035-773AF5367545}.Debug|x86.Build.0 = Debug|Any CPU
		{E4EAF44D-1829-8F00-B035-773AF5367545}.Release|Any CPU.ActiveCfg = Release|Any CPU
		{E4EAF44D-1829-8F00-B035-773AF5367545}.Release|Any CPU.Build.0 = Release|Any CPU
		{E4EAF44D-1829-8F00-B035-773AF5367545}.Release|arm64.ActiveCfg = Release|Any CPU
		{E4EAF44D-1829-8F00-B035-773AF5367545}.Release|arm64.Build.0 = Release|Any CPU
		{E4EAF44D-1829-8F00-B035-773AF5367545}.Release|x64.ActiveCfg = Release|Any CPU
		{E4EAF44D-1829-8F00-B035-773AF5367545}.Release|x64.Build.0 = Release|Any CPU
		{E4EAF44D-1829-8F00-B035-773AF5367545}.Release|x86.ActiveCfg = Release|Any CPU
		{E4EAF44D-1829-8F00-B035-773AF5367545}.Release|x86.Build.0 = Release|Any CPU
		{F7AC9321-8E30-8DA2-98C3-E4E1548E351D}.Debug|Any CPU.ActiveCfg = Debug|Any CPU
		{F7AC9321-8E30-8DA2-98C3-E4E1548E351D}.Debug|Any CPU.Build.0 = Debug|Any CPU
		{F7AC9321-8E30-8DA2-98C3-E4E1548E351D}.Debug|arm64.ActiveCfg = Debug|Any CPU
		{F7AC9321-8E30-8DA2-98C3-E4E1548E351D}.Debug|arm64.Build.0 = Debug|Any CPU
		{F7AC9321-8E30-8DA2-98C3-E4E1548E351D}.Debug|x64.ActiveCfg = Debug|Any CPU
		{F7AC9321-8E30-8DA2-98C3-E4E1548E351D}.Debug|x64.Build.0 = Debug|Any CPU
		{F7AC9321-8E30-8DA2-98C3-E4E1548E351D}.Debug|x86.ActiveCfg = Debug|Any CPU
		{F7AC9321-8E30-8DA2-98C3-E4E1548E351D}.Debug|x86.Build.0 = Debug|Any CPU
		{F7AC9321-8E30-8DA2-98C3-E4E1548E351D}.Release|Any CPU.ActiveCfg = Release|Any CPU
		{F7AC9321-8E30-8DA2-98C3-E4E1548E351D}.Release|Any CPU.Build.0 = Release|Any CPU
		{F7AC9321-8E30-8DA2-98C3-E4E1548E351D}.Release|arm64.ActiveCfg = Release|Any CPU
		{F7AC9321-8E30-8DA2-98C3-E4E1548E351D}.Release|arm64.Build.0 = Release|Any CPU
		{F7AC9321-8E30-8DA2-98C3-E4E1548E351D}.Release|x64.ActiveCfg = Release|Any CPU
		{F7AC9321-8E30-8DA2-98C3-E4E1548E351D}.Release|x64.Build.0 = Release|Any CPU
		{F7AC9321-8E30-8DA2-98C3-E4E1548E351D}.Release|x86.ActiveCfg = Release|Any CPU
		{F7AC9321-8E30-8DA2-98C3-E4E1548E351D}.Release|x86.Build.0 = Release|Any CPU
		{E8C8578C-A78B-AD45-CF4A-8FFC07CE8570}.Debug|Any CPU.ActiveCfg = Debug|Any CPU
		{E8C8578C-A78B-AD45-CF4A-8FFC07CE8570}.Debug|Any CPU.Build.0 = Debug|Any CPU
		{E8C8578C-A78B-AD45-CF4A-8FFC07CE8570}.Debug|arm64.ActiveCfg = Debug|Any CPU
		{E8C8578C-A78B-AD45-CF4A-8FFC07CE8570}.Debug|arm64.Build.0 = Debug|Any CPU
		{E8C8578C-A78B-AD45-CF4A-8FFC07CE8570}.Debug|x64.ActiveCfg = Debug|Any CPU
		{E8C8578C-A78B-AD45-CF4A-8FFC07CE8570}.Debug|x64.Build.0 = Debug|Any CPU
		{E8C8578C-A78B-AD45-CF4A-8FFC07CE8570}.Debug|x86.ActiveCfg = Debug|Any CPU
		{E8C8578C-A78B-AD45-CF4A-8FFC07CE8570}.Debug|x86.Build.0 = Debug|Any CPU
		{E8C8578C-A78B-AD45-CF4A-8FFC07CE8570}.Release|Any CPU.ActiveCfg = Release|Any CPU
		{E8C8578C-A78B-AD45-CF4A-8FFC07CE8570}.Release|Any CPU.Build.0 = Release|Any CPU
		{E8C8578C-A78B-AD45-CF4A-8FFC07CE8570}.Release|arm64.ActiveCfg = Release|Any CPU
		{E8C8578C-A78B-AD45-CF4A-8FFC07CE8570}.Release|arm64.Build.0 = Release|Any CPU
		{E8C8578C-A78B-AD45-CF4A-8FFC07CE8570}.Release|x64.ActiveCfg = Release|Any CPU
		{E8C8578C-A78B-AD45-CF4A-8FFC07CE8570}.Release|x64.Build.0 = Release|Any CPU
		{E8C8578C-A78B-AD45-CF4A-8FFC07CE8570}.Release|x86.ActiveCfg = Release|Any CPU
		{E8C8578C-A78B-AD45-CF4A-8FFC07CE8570}.Release|x86.Build.0 = Release|Any CPU
		{A39FC7CB-3622-51ED-A347-729D39F315EF}.Debug|Any CPU.ActiveCfg = Debug|Any CPU
		{A39FC7CB-3622-51ED-A347-729D39F315EF}.Debug|Any CPU.Build.0 = Debug|Any CPU
		{A39FC7CB-3622-51ED-A347-729D39F315EF}.Debug|arm64.ActiveCfg = Debug|Any CPU
		{A39FC7CB-3622-51ED-A347-729D39F315EF}.Debug|arm64.Build.0 = Debug|Any CPU
		{A39FC7CB-3622-51ED-A347-729D39F315EF}.Debug|x64.ActiveCfg = Debug|Any CPU
		{A39FC7CB-3622-51ED-A347-729D39F315EF}.Debug|x64.Build.0 = Debug|Any CPU
		{A39FC7CB-3622-51ED-A347-729D39F315EF}.Debug|x86.ActiveCfg = Debug|Any CPU
		{A39FC7CB-3622-51ED-A347-729D39F315EF}.Debug|x86.Build.0 = Debug|Any CPU
		{A39FC7CB-3622-51ED-A347-729D39F315EF}.Release|Any CPU.ActiveCfg = Release|Any CPU
		{A39FC7CB-3622-51ED-A347-729D39F315EF}.Release|Any CPU.Build.0 = Release|Any CPU
		{A39FC7CB-3622-51ED-A347-729D39F315EF}.Release|arm64.ActiveCfg = Release|Any CPU
		{A39FC7CB-3622-51ED-A347-729D39F315EF}.Release|arm64.Build.0 = Release|Any CPU
		{A39FC7CB-3622-51ED-A347-729D39F315EF}.Release|x64.ActiveCfg = Release|Any CPU
		{A39FC7CB-3622-51ED-A347-729D39F315EF}.Release|x64.Build.0 = Release|Any CPU
		{A39FC7CB-3622-51ED-A347-729D39F315EF}.Release|x86.ActiveCfg = Release|Any CPU
		{A39FC7CB-3622-51ED-A347-729D39F315EF}.Release|x86.Build.0 = Release|Any CPU
		{FFE96542-ADB2-BE65-9180-BF5AC415F96D}.Debug|Any CPU.ActiveCfg = Debug|Any CPU
		{FFE96542-ADB2-BE65-9180-BF5AC415F96D}.Debug|Any CPU.Build.0 = Debug|Any CPU
		{FFE96542-ADB2-BE65-9180-BF5AC415F96D}.Debug|arm64.ActiveCfg = Debug|Any CPU
		{FFE96542-ADB2-BE65-9180-BF5AC415F96D}.Debug|arm64.Build.0 = Debug|Any CPU
		{FFE96542-ADB2-BE65-9180-BF5AC415F96D}.Debug|x64.ActiveCfg = Debug|Any CPU
		{FFE96542-ADB2-BE65-9180-BF5AC415F96D}.Debug|x64.Build.0 = Debug|Any CPU
		{FFE96542-ADB2-BE65-9180-BF5AC415F96D}.Debug|x86.ActiveCfg = Debug|Any CPU
		{FFE96542-ADB2-BE65-9180-BF5AC415F96D}.Debug|x86.Build.0 = Debug|Any CPU
		{FFE96542-ADB2-BE65-9180-BF5AC415F96D}.Release|Any CPU.ActiveCfg = Release|Any CPU
		{FFE96542-ADB2-BE65-9180-BF5AC415F96D}.Release|Any CPU.Build.0 = Release|Any CPU
		{FFE96542-ADB2-BE65-9180-BF5AC415F96D}.Release|arm64.ActiveCfg = Release|Any CPU
		{FFE96542-ADB2-BE65-9180-BF5AC415F96D}.Release|arm64.Build.0 = Release|Any CPU
		{FFE96542-ADB2-BE65-9180-BF5AC415F96D}.Release|x64.ActiveCfg = Release|Any CPU
		{FFE96542-ADB2-BE65-9180-BF5AC415F96D}.Release|x64.Build.0 = Release|Any CPU
		{FFE96542-ADB2-BE65-9180-BF5AC415F96D}.Release|x86.ActiveCfg = Release|Any CPU
		{FFE96542-ADB2-BE65-9180-BF5AC415F96D}.Release|x86.Build.0 = Release|Any CPU
		{5498A323-F9FE-0616-E5F7-62771D58FC09}.Debug|Any CPU.ActiveCfg = Debug|Any CPU
		{5498A323-F9FE-0616-E5F7-62771D58FC09}.Debug|Any CPU.Build.0 = Debug|Any CPU
		{5498A323-F9FE-0616-E5F7-62771D58FC09}.Debug|arm64.ActiveCfg = Debug|Any CPU
		{5498A323-F9FE-0616-E5F7-62771D58FC09}.Debug|arm64.Build.0 = Debug|Any CPU
		{5498A323-F9FE-0616-E5F7-62771D58FC09}.Debug|x64.ActiveCfg = Debug|Any CPU
		{5498A323-F9FE-0616-E5F7-62771D58FC09}.Debug|x64.Build.0 = Debug|Any CPU
		{5498A323-F9FE-0616-E5F7-62771D58FC09}.Debug|x86.ActiveCfg = Debug|Any CPU
		{5498A323-F9FE-0616-E5F7-62771D58FC09}.Debug|x86.Build.0 = Debug|Any CPU
		{5498A323-F9FE-0616-E5F7-62771D58FC09}.Release|Any CPU.ActiveCfg = Release|Any CPU
		{5498A323-F9FE-0616-E5F7-62771D58FC09}.Release|Any CPU.Build.0 = Release|Any CPU
		{5498A323-F9FE-0616-E5F7-62771D58FC09}.Release|arm64.ActiveCfg = Release|Any CPU
		{5498A323-F9FE-0616-E5F7-62771D58FC09}.Release|arm64.Build.0 = Release|Any CPU
		{5498A323-F9FE-0616-E5F7-62771D58FC09}.Release|x64.ActiveCfg = Release|Any CPU
		{5498A323-F9FE-0616-E5F7-62771D58FC09}.Release|x64.Build.0 = Release|Any CPU
		{5498A323-F9FE-0616-E5F7-62771D58FC09}.Release|x86.ActiveCfg = Release|Any CPU
		{5498A323-F9FE-0616-E5F7-62771D58FC09}.Release|x86.Build.0 = Release|Any CPU
		{90FF9798-E241-8AA6-84EF-6ED0DD0FC09C}.Debug|Any CPU.ActiveCfg = Debug|Any CPU
		{90FF9798-E241-8AA6-84EF-6ED0DD0FC09C}.Debug|Any CPU.Build.0 = Debug|Any CPU
		{90FF9798-E241-8AA6-84EF-6ED0DD0FC09C}.Debug|arm64.ActiveCfg = Debug|Any CPU
		{90FF9798-E241-8AA6-84EF-6ED0DD0FC09C}.Debug|arm64.Build.0 = Debug|Any CPU
		{90FF9798-E241-8AA6-84EF-6ED0DD0FC09C}.Debug|x64.ActiveCfg = Debug|Any CPU
		{90FF9798-E241-8AA6-84EF-6ED0DD0FC09C}.Debug|x64.Build.0 = Debug|Any CPU
		{90FF9798-E241-8AA6-84EF-6ED0DD0FC09C}.Debug|x86.ActiveCfg = Debug|Any CPU
		{90FF9798-E241-8AA6-84EF-6ED0DD0FC09C}.Debug|x86.Build.0 = Debug|Any CPU
		{90FF9798-E241-8AA6-84EF-6ED0DD0FC09C}.Release|Any CPU.ActiveCfg = Release|Any CPU
		{90FF9798-E241-8AA6-84EF-6ED0DD0FC09C}.Release|Any CPU.Build.0 = Release|Any CPU
		{90FF9798-E241-8AA6-84EF-6ED0DD0FC09C}.Release|arm64.ActiveCfg = Release|Any CPU
		{90FF9798-E241-8AA6-84EF-6ED0DD0FC09C}.Release|arm64.Build.0 = Release|Any CPU
		{90FF9798-E241-8AA6-84EF-6ED0DD0FC09C}.Release|x64.ActiveCfg = Release|Any CPU
		{90FF9798-E241-8AA6-84EF-6ED0DD0FC09C}.Release|x64.Build.0 = Release|Any CPU
		{90FF9798-E241-8AA6-84EF-6ED0DD0FC09C}.Release|x86.ActiveCfg = Release|Any CPU
		{90FF9798-E241-8AA6-84EF-6ED0DD0FC09C}.Release|x86.Build.0 = Release|Any CPU
		{48AD4260-F26B-4098-3C4B-6CCE05E52E89}.Debug|Any CPU.ActiveCfg = Debug|Any CPU
		{48AD4260-F26B-4098-3C4B-6CCE05E52E89}.Debug|Any CPU.Build.0 = Debug|Any CPU
		{48AD4260-F26B-4098-3C4B-6CCE05E52E89}.Debug|arm64.ActiveCfg = Debug|Any CPU
		{48AD4260-F26B-4098-3C4B-6CCE05E52E89}.Debug|arm64.Build.0 = Debug|Any CPU
		{48AD4260-F26B-4098-3C4B-6CCE05E52E89}.Debug|x64.ActiveCfg = Debug|Any CPU
		{48AD4260-F26B-4098-3C4B-6CCE05E52E89}.Debug|x64.Build.0 = Debug|Any CPU
		{48AD4260-F26B-4098-3C4B-6CCE05E52E89}.Debug|x86.ActiveCfg = Debug|Any CPU
		{48AD4260-F26B-4098-3C4B-6CCE05E52E89}.Debug|x86.Build.0 = Debug|Any CPU
		{48AD4260-F26B-4098-3C4B-6CCE05E52E89}.Release|Any CPU.ActiveCfg = Release|Any CPU
		{48AD4260-F26B-4098-3C4B-6CCE05E52E89}.Release|Any CPU.Build.0 = Release|Any CPU
		{48AD4260-F26B-4098-3C4B-6CCE05E52E89}.Release|arm64.ActiveCfg = Release|Any CPU
		{48AD4260-F26B-4098-3C4B-6CCE05E52E89}.Release|arm64.Build.0 = Release|Any CPU
		{48AD4260-F26B-4098-3C4B-6CCE05E52E89}.Release|x64.ActiveCfg = Release|Any CPU
		{48AD4260-F26B-4098-3C4B-6CCE05E52E89}.Release|x64.Build.0 = Release|Any CPU
		{48AD4260-F26B-4098-3C4B-6CCE05E52E89}.Release|x86.ActiveCfg = Release|Any CPU
		{48AD4260-F26B-4098-3C4B-6CCE05E52E89}.Release|x86.Build.0 = Release|Any CPU
		{692B615D-6374-67B5-7EA0-C2D7B8019D7E}.Debug|Any CPU.ActiveCfg = Debug|Any CPU
		{692B615D-6374-67B5-7EA0-C2D7B8019D7E}.Debug|Any CPU.Build.0 = Debug|Any CPU
		{692B615D-6374-67B5-7EA0-C2D7B8019D7E}.Debug|arm64.ActiveCfg = Debug|Any CPU
		{692B615D-6374-67B5-7EA0-C2D7B8019D7E}.Debug|arm64.Build.0 = Debug|Any CPU
		{692B615D-6374-67B5-7EA0-C2D7B8019D7E}.Debug|x64.ActiveCfg = Debug|Any CPU
		{692B615D-6374-67B5-7EA0-C2D7B8019D7E}.Debug|x64.Build.0 = Debug|Any CPU
		{692B615D-6374-67B5-7EA0-C2D7B8019D7E}.Debug|x86.ActiveCfg = Debug|Any CPU
		{692B615D-6374-67B5-7EA0-C2D7B8019D7E}.Debug|x86.Build.0 = Debug|Any CPU
		{692B615D-6374-67B5-7EA0-C2D7B8019D7E}.Release|Any CPU.ActiveCfg = Release|Any CPU
		{692B615D-6374-67B5-7EA0-C2D7B8019D7E}.Release|Any CPU.Build.0 = Release|Any CPU
		{692B615D-6374-67B5-7EA0-C2D7B8019D7E}.Release|arm64.ActiveCfg = Release|Any CPU
		{692B615D-6374-67B5-7EA0-C2D7B8019D7E}.Release|arm64.Build.0 = Release|Any CPU
		{692B615D-6374-67B5-7EA0-C2D7B8019D7E}.Release|x64.ActiveCfg = Release|Any CPU
		{692B615D-6374-67B5-7EA0-C2D7B8019D7E}.Release|x64.Build.0 = Release|Any CPU
		{692B615D-6374-67B5-7EA0-C2D7B8019D7E}.Release|x86.ActiveCfg = Release|Any CPU
		{692B615D-6374-67B5-7EA0-C2D7B8019D7E}.Release|x86.Build.0 = Release|Any CPU
		{E38897FB-45C1-54CD-7CD3-2FFB5892F695}.Debug|Any CPU.ActiveCfg = Debug|Any CPU
		{E38897FB-45C1-54CD-7CD3-2FFB5892F695}.Debug|Any CPU.Build.0 = Debug|Any CPU
		{E38897FB-45C1-54CD-7CD3-2FFB5892F695}.Debug|arm64.ActiveCfg = Debug|Any CPU
		{E38897FB-45C1-54CD-7CD3-2FFB5892F695}.Debug|arm64.Build.0 = Debug|Any CPU
		{E38897FB-45C1-54CD-7CD3-2FFB5892F695}.Debug|x64.ActiveCfg = Debug|Any CPU
		{E38897FB-45C1-54CD-7CD3-2FFB5892F695}.Debug|x64.Build.0 = Debug|Any CPU
		{E38897FB-45C1-54CD-7CD3-2FFB5892F695}.Debug|x86.ActiveCfg = Debug|Any CPU
		{E38897FB-45C1-54CD-7CD3-2FFB5892F695}.Debug|x86.Build.0 = Debug|Any CPU
		{E38897FB-45C1-54CD-7CD3-2FFB5892F695}.Release|Any CPU.ActiveCfg = Release|Any CPU
		{E38897FB-45C1-54CD-7CD3-2FFB5892F695}.Release|Any CPU.Build.0 = Release|Any CPU
		{E38897FB-45C1-54CD-7CD3-2FFB5892F695}.Release|arm64.ActiveCfg = Release|Any CPU
		{E38897FB-45C1-54CD-7CD3-2FFB5892F695}.Release|arm64.Build.0 = Release|Any CPU
		{E38897FB-45C1-54CD-7CD3-2FFB5892F695}.Release|x64.ActiveCfg = Release|Any CPU
		{E38897FB-45C1-54CD-7CD3-2FFB5892F695}.Release|x64.Build.0 = Release|Any CPU
		{E38897FB-45C1-54CD-7CD3-2FFB5892F695}.Release|x86.ActiveCfg = Release|Any CPU
		{E38897FB-45C1-54CD-7CD3-2FFB5892F695}.Release|x86.Build.0 = Release|Any CPU
		{C5258220-441A-148A-EC60-3D0DC4988147}.Debug|Any CPU.ActiveCfg = Debug|Any CPU
		{C5258220-441A-148A-EC60-3D0DC4988147}.Debug|Any CPU.Build.0 = Debug|Any CPU
		{C5258220-441A-148A-EC60-3D0DC4988147}.Debug|arm64.ActiveCfg = Debug|Any CPU
		{C5258220-441A-148A-EC60-3D0DC4988147}.Debug|arm64.Build.0 = Debug|Any CPU
		{C5258220-441A-148A-EC60-3D0DC4988147}.Debug|x64.ActiveCfg = Debug|Any CPU
		{C5258220-441A-148A-EC60-3D0DC4988147}.Debug|x64.Build.0 = Debug|Any CPU
		{C5258220-441A-148A-EC60-3D0DC4988147}.Debug|x86.ActiveCfg = Debug|Any CPU
		{C5258220-441A-148A-EC60-3D0DC4988147}.Debug|x86.Build.0 = Debug|Any CPU
		{C5258220-441A-148A-EC60-3D0DC4988147}.Release|Any CPU.ActiveCfg = Release|Any CPU
		{C5258220-441A-148A-EC60-3D0DC4988147}.Release|Any CPU.Build.0 = Release|Any CPU
		{C5258220-441A-148A-EC60-3D0DC4988147}.Release|arm64.ActiveCfg = Release|Any CPU
		{C5258220-441A-148A-EC60-3D0DC4988147}.Release|arm64.Build.0 = Release|Any CPU
		{C5258220-441A-148A-EC60-3D0DC4988147}.Release|x64.ActiveCfg = Release|Any CPU
		{C5258220-441A-148A-EC60-3D0DC4988147}.Release|x64.Build.0 = Release|Any CPU
		{C5258220-441A-148A-EC60-3D0DC4988147}.Release|x86.ActiveCfg = Release|Any CPU
		{C5258220-441A-148A-EC60-3D0DC4988147}.Release|x86.Build.0 = Release|Any CPU
		{83A21971-AA18-2FC7-0424-DEB12B0F6E06}.Debug|Any CPU.ActiveCfg = Debug|Any CPU
		{83A21971-AA18-2FC7-0424-DEB12B0F6E06}.Debug|Any CPU.Build.0 = Debug|Any CPU
		{83A21971-AA18-2FC7-0424-DEB12B0F6E06}.Debug|arm64.ActiveCfg = Debug|Any CPU
		{83A21971-AA18-2FC7-0424-DEB12B0F6E06}.Debug|arm64.Build.0 = Debug|Any CPU
		{83A21971-AA18-2FC7-0424-DEB12B0F6E06}.Debug|x64.ActiveCfg = Debug|Any CPU
		{83A21971-AA18-2FC7-0424-DEB12B0F6E06}.Debug|x64.Build.0 = Debug|Any CPU
		{83A21971-AA18-2FC7-0424-DEB12B0F6E06}.Debug|x86.ActiveCfg = Debug|Any CPU
		{83A21971-AA18-2FC7-0424-DEB12B0F6E06}.Debug|x86.Build.0 = Debug|Any CPU
		{83A21971-AA18-2FC7-0424-DEB12B0F6E06}.Release|Any CPU.ActiveCfg = Release|Any CPU
		{83A21971-AA18-2FC7-0424-DEB12B0F6E06}.Release|Any CPU.Build.0 = Release|Any CPU
		{83A21971-AA18-2FC7-0424-DEB12B0F6E06}.Release|arm64.ActiveCfg = Release|Any CPU
		{83A21971-AA18-2FC7-0424-DEB12B0F6E06}.Release|arm64.Build.0 = Release|Any CPU
		{83A21971-AA18-2FC7-0424-DEB12B0F6E06}.Release|x64.ActiveCfg = Release|Any CPU
		{83A21971-AA18-2FC7-0424-DEB12B0F6E06}.Release|x64.Build.0 = Release|Any CPU
		{83A21971-AA18-2FC7-0424-DEB12B0F6E06}.Release|x86.ActiveCfg = Release|Any CPU
		{83A21971-AA18-2FC7-0424-DEB12B0F6E06}.Release|x86.Build.0 = Release|Any CPU
		{F9EEA346-554A-F167-91E4-57E8D483CBDC}.Debug|Any CPU.ActiveCfg = Debug|Any CPU
		{F9EEA346-554A-F167-91E4-57E8D483CBDC}.Debug|Any CPU.Build.0 = Debug|Any CPU
		{F9EEA346-554A-F167-91E4-57E8D483CBDC}.Debug|arm64.ActiveCfg = Debug|Any CPU
		{F9EEA346-554A-F167-91E4-57E8D483CBDC}.Debug|arm64.Build.0 = Debug|Any CPU
		{F9EEA346-554A-F167-91E4-57E8D483CBDC}.Debug|x64.ActiveCfg = Debug|Any CPU
		{F9EEA346-554A-F167-91E4-57E8D483CBDC}.Debug|x64.Build.0 = Debug|Any CPU
		{F9EEA346-554A-F167-91E4-57E8D483CBDC}.Debug|x86.ActiveCfg = Debug|Any CPU
		{F9EEA346-554A-F167-91E4-57E8D483CBDC}.Debug|x86.Build.0 = Debug|Any CPU
		{F9EEA346-554A-F167-91E4-57E8D483CBDC}.Release|Any CPU.ActiveCfg = Release|Any CPU
		{F9EEA346-554A-F167-91E4-57E8D483CBDC}.Release|Any CPU.Build.0 = Release|Any CPU
		{F9EEA346-554A-F167-91E4-57E8D483CBDC}.Release|arm64.ActiveCfg = Release|Any CPU
		{F9EEA346-554A-F167-91E4-57E8D483CBDC}.Release|arm64.Build.0 = Release|Any CPU
		{F9EEA346-554A-F167-91E4-57E8D483CBDC}.Release|x64.ActiveCfg = Release|Any CPU
		{F9EEA346-554A-F167-91E4-57E8D483CBDC}.Release|x64.Build.0 = Release|Any CPU
		{F9EEA346-554A-F167-91E4-57E8D483CBDC}.Release|x86.ActiveCfg = Release|Any CPU
		{F9EEA346-554A-F167-91E4-57E8D483CBDC}.Release|x86.Build.0 = Release|Any CPU
		{FB736591-E53E-69D9-7D4A-A0316B03429C}.Debug|Any CPU.ActiveCfg = Debug|Any CPU
		{FB736591-E53E-69D9-7D4A-A0316B03429C}.Debug|Any CPU.Build.0 = Debug|Any CPU
		{FB736591-E53E-69D9-7D4A-A0316B03429C}.Debug|arm64.ActiveCfg = Debug|Any CPU
		{FB736591-E53E-69D9-7D4A-A0316B03429C}.Debug|arm64.Build.0 = Debug|Any CPU
		{FB736591-E53E-69D9-7D4A-A0316B03429C}.Debug|x64.ActiveCfg = Debug|Any CPU
		{FB736591-E53E-69D9-7D4A-A0316B03429C}.Debug|x64.Build.0 = Debug|Any CPU
		{FB736591-E53E-69D9-7D4A-A0316B03429C}.Debug|x86.ActiveCfg = Debug|Any CPU
		{FB736591-E53E-69D9-7D4A-A0316B03429C}.Debug|x86.Build.0 = Debug|Any CPU
		{FB736591-E53E-69D9-7D4A-A0316B03429C}.Release|Any CPU.ActiveCfg = Release|Any CPU
		{FB736591-E53E-69D9-7D4A-A0316B03429C}.Release|Any CPU.Build.0 = Release|Any CPU
		{FB736591-E53E-69D9-7D4A-A0316B03429C}.Release|arm64.ActiveCfg = Release|Any CPU
		{FB736591-E53E-69D9-7D4A-A0316B03429C}.Release|arm64.Build.0 = Release|Any CPU
		{FB736591-E53E-69D9-7D4A-A0316B03429C}.Release|x64.ActiveCfg = Release|Any CPU
		{FB736591-E53E-69D9-7D4A-A0316B03429C}.Release|x64.Build.0 = Release|Any CPU
		{FB736591-E53E-69D9-7D4A-A0316B03429C}.Release|x86.ActiveCfg = Release|Any CPU
		{FB736591-E53E-69D9-7D4A-A0316B03429C}.Release|x86.Build.0 = Release|Any CPU
		{0C430FFF-C4AB-B3DD-EC60-D350981F3DB9}.Debug|Any CPU.ActiveCfg = Debug|Any CPU
		{0C430FFF-C4AB-B3DD-EC60-D350981F3DB9}.Debug|Any CPU.Build.0 = Debug|Any CPU
		{0C430FFF-C4AB-B3DD-EC60-D350981F3DB9}.Debug|arm64.ActiveCfg = Debug|Any CPU
		{0C430FFF-C4AB-B3DD-EC60-D350981F3DB9}.Debug|arm64.Build.0 = Debug|Any CPU
		{0C430FFF-C4AB-B3DD-EC60-D350981F3DB9}.Debug|x64.ActiveCfg = Debug|Any CPU
		{0C430FFF-C4AB-B3DD-EC60-D350981F3DB9}.Debug|x64.Build.0 = Debug|Any CPU
		{0C430FFF-C4AB-B3DD-EC60-D350981F3DB9}.Debug|x86.ActiveCfg = Debug|Any CPU
		{0C430FFF-C4AB-B3DD-EC60-D350981F3DB9}.Debug|x86.Build.0 = Debug|Any CPU
		{0C430FFF-C4AB-B3DD-EC60-D350981F3DB9}.Release|Any CPU.ActiveCfg = Release|Any CPU
		{0C430FFF-C4AB-B3DD-EC60-D350981F3DB9}.Release|Any CPU.Build.0 = Release|Any CPU
		{0C430FFF-C4AB-B3DD-EC60-D350981F3DB9}.Release|arm64.ActiveCfg = Release|Any CPU
		{0C430FFF-C4AB-B3DD-EC60-D350981F3DB9}.Release|arm64.Build.0 = Release|Any CPU
		{0C430FFF-C4AB-B3DD-EC60-D350981F3DB9}.Release|x64.ActiveCfg = Release|Any CPU
		{0C430FFF-C4AB-B3DD-EC60-D350981F3DB9}.Release|x64.Build.0 = Release|Any CPU
		{0C430FFF-C4AB-B3DD-EC60-D350981F3DB9}.Release|x86.ActiveCfg = Release|Any CPU
		{0C430FFF-C4AB-B3DD-EC60-D350981F3DB9}.Release|x86.Build.0 = Release|Any CPU
	EndGlobalSection
	GlobalSection(SolutionProperties) = preSolution
		HideSolutionNode = FALSE
	EndGlobalSection
	GlobalSection(NestedProjects) = preSolution
		{40A3CA49-6058-4E9F-8E6B-5B6DABD94F68} = {A74DCE98-A744-4D71-A2B1-7EE4FED0936B}
		{5C1F5D13-B5F3-46F6-8A25-D02D7D0C83B8} = {A74DCE98-A744-4D71-A2B1-7EE4FED0936B}
		{8947FDAE-9F4B-4D77-91AA-0704ACD83DBD} = {A74DCE98-A744-4D71-A2B1-7EE4FED0936B}
	EndGlobalSection
	GlobalSection(ExtensibilityGlobals) = postSolution
		SolutionGuid = {0E62043C-A7A1-4982-9EC9-4CDB2939B776}
	EndGlobalSection
EndGlobal
